
Microsoft Visual Studio Solution File, Format Version 12.00
# Visual Studio 14
VisualStudioVersion = 14.0.25420.1
MinimumVisualStudioVersion = 10.0.40219.1
Project("{8BC9CEB8-8B4A-11D0-8D11-00A0C91BC942}") = "Project1", "Project1\Project1.vcxproj", "{6FB8A6CD-32E4-48C7-8253-E179ACA9D2E8}"
EndProject
Project("{8BC9CEB8-8B4A-11D0-8D11-00A0C91BC942}") = "Project2", "Project2\Project2.vcxproj", "{6CEEB49D-BCBE-415C-A82D-CB1E0D172EFB}"
EndProject
Global
	GlobalSection(SolutionConfigurationPlatforms) = preSolution
		Debug|x64 = Debug|x64
		Debug|x86 = Debug|x86
		Release|x64 = Release|x64
		Release|x86 = Release|x86
	EndGlobalSection
	GlobalSection(ProjectConfigurationPlatforms) = postSolution
		{6FB8A6CD-32E4-48C7-8253-E179ACA9D2E8}.Debug|x64.ActiveCfg = Debug|x64
		{6FB8A6CD-32E4-48C7-8253-E179ACA9D2E8}.Debug|x64.Build.0 = Debug|x64
		{6FB8A6CD-32E4-48C7-8253-E179ACA9D2E8}.Debug|x86.ActiveCfg = Debug|Win32
		{6FB8A6CD-32E4-48C7-8253-E179ACA9D2E8}.Debug|x86.Build.0 = Debug|Win32
		{6FB8A6CD-32E4-48C7-8253-E179ACA9D2E8}.Release|x64.ActiveCfg = Release|x64
		{6FB8A6CD-32E4-48C7-8253-E179ACA9D2E8}.Release|x64.Build.0 = Release|x64
		{6FB8A6CD-32E4-48C7-8253-E179ACA9D2E8}.Release|x86.ActiveCfg = Release|Win32
		{6FB8A6CD-32E4-48C7-8253-E179ACA9D2E8}.Release|x86.Build.0 = Release|Win32
		{6CEEB49D-BCBE-415C-A82D-CB1E0D172EFB}.Debug|x64.ActiveCfg = Debug|x64
		{6CEEB49D-BCBE-415C-A82D-CB1E0D172EFB}.Debug|x64.Build.0 = Debug|x64
		{6CEEB49D-BCBE-415C-A82D-CB1E0D172EFB}.Debug|x86.ActiveCfg = Debug|Win32
		{6CEEB49D-BCBE-415C-A82D-CB1E0D172EFB}.Debug|x86.Build.0 = Debug|Win32
		{6CEEB49D-BCBE-415C-A82D-CB1E0D172EFB}.Release|x64.ActiveCfg = Release|x64
		{6CEEB49D-BCBE-415C-A82D-CB1E0D172EFB}.Release|x64.Build.0 = Release|x64
		{6CEEB49D-BCBE-415C-A82D-CB1E0D172EFB}.Release|x86.ActiveCfg = Release|Win32
		{6CEEB49D-BCBE-415C-A82D-CB1E0D172EFB}.Release|x86.Build.0 = Release|Win32
	EndGlobalSection
	GlobalSection(SolutionProperties) = preSolution
		HideSolutionNode = FALSE
	EndGlobalSection
EndGlobal
